
Microsoft Visual Studio Solution File, Format Version 12.00
# Visual Studio 2013
VisualStudioVersion = 12.0.31101.0
MinimumVisualStudioVersion = 10.0.40219.1
Project("{8BC9CEB8-8B4A-11D0-8D11-00A0C91BC942}") = "Ex2_excercise5", "Ex2_excercise5\Ex2_excercise5.vcxproj", "{57E2EE6B-B531-4885-8A99-C428C7EBF500}"
EndProject
Global
	GlobalSection(SolutionConfigurationPlatforms) = preSolution
		Debug|Win32 = Debug|Win32
		Release|Win32 = Release|Win32
	EndGlobalSection
	GlobalSection(ProjectConfigurationPlatforms) = postSolution
		{57E2EE6B-B531-4885-8A99-C428C7EBF500}.Debug|Win32.ActiveCfg = Debug|Win32
		{57E2EE6B-B531-4885-8A99-C428C7EBF500}.Debug|Win32.Build.0 = Debug|Win32
		{57E2EE6B-B531-4885-8A99-C428C7EBF500}.Release|Win32.ActiveCfg = Release|Win32
		{57E2EE6B-B531-4885-8A99-C428C7EBF500}.Release|Win32.Build.0 = Release|Win32
	EndGlobalSection
	GlobalSection(SolutionProperties) = preSolution
		HideSolutionNode = FALSE
	EndGlobalSection
EndGlobal
